{
  "lockfileVersion": 1,
  "configVersion": 1,
  "workspaces": {
    "": {
      "name": "dotfiles",
      "dependencies": {
        "cleye": "2.6.0",
        "neverthrow": "8.2.0",
        "oxc-parser": "0.149.0",
        "type-flag": "4.5.0",
        "yaml": "2.9.0",
      },
    },
  },
  "packages": {
    "@oxc-parser/binding-android-arm-eabi": ["@oxc-parser/binding-android-arm-eabi@0.149.0", "", { "os": "android", "cpu": "arm" }, "sha512-OQmN5XYQ/GNRkbU0Ksb2QSaHOgKWhFw7Bz6lJvANBdwVkLzTlcHXDLj62XrNPtUf3pDxRBr7OoHJrKhHYOb9iA=="],

    "@oxc-parser/binding-android-arm64": ["@oxc-parser/binding-android-arm64@0.149.0", "", { "os": "android", "cpu": "arm64" }, "sha512-M7nHwfHY2Xv5Rm1iygvyOTPXrD4d5WRVw+C8eItLwoipzQBnkUMmwh3jvuGLBio2BGetfIH0F7J3Afb1Qn9dJg=="],

    "@oxc-parser/binding-darwin-arm64": ["@oxc-parser/binding-darwin-arm64@0.149.0", "", { "os": "darwin", "cpu": "arm64" }, "sha512-h6NrhqRAVKbgzfShjHoBgjeJ1vQR2o6iNM6/t8JCSej1XRKJyraV08Zz7ey6SsjPzof4ecp48Upg2vidqoDgtQ=="],

    "@oxc-parser/binding-darwin-x64": ["@oxc-parser/binding-darwin-x64@0.149.0", "", { "os": "darwin", "cpu": "x64" }, "sha512-+WRRZeFYqVznJEEttiWNcI43Ij2iD0yphmMFkAuKNOQTyXQ+lLCAVW6aVLOD6nPO6FOymW7HtDh5KmnxZPi/2A=="],

    "@oxc-parser/binding-freebsd-x64": ["@oxc-parser/binding-freebsd-x64@0.149.0", "", { "os": "freebsd", "cpu": "x64" }, "sha512-kG0YUZj/4hdHBQDtIr2UZ7Nyxy3M5Et+w3A0V0eefRgtQWE4wJrNflBJMJfwFPiwMLPlPL6qJR+5JdeIqhzW/g=="],

    "@oxc-parser/binding-linux-arm-gnueabihf": ["@oxc-parser/binding-linux-arm-gnueabihf@0.149.0", "", { "os": "linux", "cpu": "arm" }, "sha512-gOD5NhD8DG7aJ8CLZ+ve5xoDq0y0J0zKZSfkfMGfk96XLhu21IzSFvjpEvVUGodD7Yyy3Tr9rNdiPEdZjkuRqQ=="],

    "@oxc-parser/binding-linux-arm-musleabihf": ["@oxc-parser/binding-linux-arm-musleabihf@0.149.0", "", { "os": "linux", "cpu": "arm" }, "sha512-UtPYQkciY1NzYRtfKBopYfOjSxPFFVyprs0iH+Z5KZKNv9at/71pGd2KNrlmALhRcNocnxEsc+KuhY3nUlhIxg=="],

    "@oxc-parser/binding-linux-arm64-gnu": ["@oxc-parser/binding-linux-arm64-gnu@0.149.0", "", { "os": "linux", "cpu": "arm64" }, "sha512-3jWkwykjJJegMD+5dU9n30mzwvTLi99fkUqHU9Pqdzw3fIVfyn6ZnjOl8l053jogr0BGQPxagTjIKBksp288eQ=="],

    "@oxc-parser/binding-linux-arm64-musl": ["@oxc-parser/binding-linux-arm64-musl@0.149.0", "", { "os": "linux", "cpu": "arm64" }, "sha512-H7n8zPxnLVI0pkutAxyXJNE/IaCuCJS6ghgv2cl8IDIgXCDZWjG/Bs8rF8BHKQ9gsOpA4m+T4lFaFAdnGuk/cw=="],

    "@oxc-parser/binding-linux-ppc64-gnu": ["@oxc-parser/binding-linux-ppc64-gnu@0.149.0", "", { "os": "linux", "cpu": "ppc64" }, "sha512-aByOTCdLYp8FjwAUUmN7YYjAmPJ/9t0I1ACuhAkYun87fajIHbwuZ/opaBk0Pnfxzp2vYyD8hdG8OQWEglP5oA=="],

    "@oxc-parser/binding-linux-riscv64-gnu": ["@oxc-parser/binding-linux-riscv64-gnu@0.149.0", "", { "os": "linux", "cpu": "none" }, "sha512-SAdNs+uxMRBLPM6QuLlOxzE4duWia4EMhqGknsJS2EGnWni7i53gSZhaW3VYPxaP8nk/UsMQxMODIFwBHbRWcQ=="],

    "@oxc-parser/binding-linux-riscv64-musl": ["@oxc-parser/binding-linux-riscv64-musl@0.149.0", "", { "os": "linux", "cpu": "none" }, "sha512-RhmzD62QNtMjuBAeKJ15gzyNRv06Yz1ZFi6lgTiA5S3ixkrSMPJWIPGyqdlC4XiWxwAW9W4jeQNV4/Om9V27gA=="],

    "@oxc-parser/binding-linux-s390x-gnu": ["@oxc-parser/binding-linux-s390x-gnu@0.149.0", "", { "os": "linux", "cpu": "s390x" }, "sha512-HqEExoeKhlfUacdhj7KEe1m93B1SzCUkF88c1qLQR5Km6GPSoMHMIjK7qmRXLzjsO+ipSTWVsnYMVG0j2/mxNA=="],

    "@oxc-parser/binding-linux-x64-gnu": ["@oxc-parser/binding-linux-x64-gnu@0.149.0", "", { "os": "linux", "cpu": "x64" }, "sha512-FuAv1J7GoSkmxg5glvzlHA88Ld7dOIg23VdAsVLngPZN/ZjZPtCaBZDby1GPn63Yj+7h47/wbcd7i1p2UJTeNQ=="],

    "@oxc-parser/binding-linux-x64-musl": ["@oxc-parser/binding-linux-x64-musl@0.149.0", "", { "os": "linux", "cpu": "x64" }, "sha512-KDFOVgjMIOiMiRUw+jZlAIEZZFG0WgGk+adcldjc+/qz0/kvobnYJqDqNX0+REJbSpSsM1Knj0zrEGTQ6WTIng=="],

    "@oxc-parser/binding-openharmony-arm64": ["@oxc-parser/binding-openharmony-arm64@0.149.0", "", { "os": "none", "cpu": "arm64" }, "sha512-O3O+ZBhGEUhtbDXFWRMTuOCBg+fC2hf1wrtZBrd3VJUtV/MDd1LCwZXIHY2nMCnh9Akgjay965pBok2h5AXN0A=="],

    "@oxc-parser/binding-win32-arm64-msvc": ["@oxc-parser/binding-win32-arm64-msvc@0.149.0", "", { "os": "win32", "cpu": "arm64" }, "sha512-9hMvs3GZESAcbUGU3mqXFWRLgBd8TLeosNYfHusHp/hrBnk5lIP2nJtark3hZ6qT+lqSdS79sH8NoWHj1x9iUw=="],

    "@oxc-parser/binding-win32-ia32-msvc": ["@oxc-parser/binding-win32-ia32-msvc@0.149.0", "", { "os": "win32", "cpu": "ia32" }, "sha512-8hQaS1Urc1NnlutDfhQ+DwijRALGLY+AmqJSBHV4OmyPZDoqgtkmjTHl2tsTLK6PETe6PbIJLKmXcpJuqkf8Lw=="],

    "@oxc-parser/binding-win32-x64-msvc": ["@oxc-parser/binding-win32-x64-msvc@0.149.0", "", { "os": "win32", "cpu": "x64" }, "sha512-xFqDgKSKdY0m2EtHQL7uMuknuEGnvbtxkWllGle5hmhVe5xn5XZ0Zb9iViAsItFAf0CjSiZ5er3XqqAlr5oARA=="],

    "@oxc-project/types": ["@oxc-project/types@0.149.0", "", {}, "sha512-Efcc+iF0j3Bf67YjEqIqWXbX5XddXoK/Mw4K1/JuXwRCZ8N16VR7iT23nlCc9XrveFVh/E5Rqs2StT0V8v9LdA=="],

    "@rollup/rollup-linux-x64-gnu": ["@rollup/rollup-linux-x64-gnu@4.63.1", "", { "os": "linux", "cpu": "x64" }, "sha512-gfI5T24WLLuFfSKw7Go/zDXjAAV0fny0swTaDv+WjK7vqcw4cRhFfdsyKL1n+ukI+ooBxn3bVQnyrn06WpI50w=="],

    "cleye": ["cleye@2.6.0", "", { "dependencies": { "terminal-columns": "^2.0.0", "type-flag": "^4.1.0" } }, "sha512-u0SQCsega/ox+2GSuUlG6wvA9c2FtH8sPmv9G9Q3JRTs7FK6+LtaziRAQgx7lrJ1J7bOd3palhwgZKMg8R6JbQ=="],

    "neverthrow": ["neverthrow@8.2.0", "", { "optionalDependencies": { "@rollup/rollup-linux-x64-gnu": "^4.24.0" } }, "sha512-kOCT/1MCPAxY5iUV3wytNFUMUolzuwd/VF/1KCx7kf6CutrOsTie+84zTGTpgQycjvfLdBBdvBvFLqFD2c0wkQ=="],

    "oxc-parser": ["oxc-parser@0.149.0", "", { "dependencies": { "@oxc-project/types": "^0.149.0" }, "optionalDependencies": { "@oxc-parser/binding-android-arm-eabi": "0.149.0", "@oxc-parser/binding-android-arm64": "0.149.0", "@oxc-parser/binding-darwin-arm64": "0.149.0", "@oxc-parser/binding-darwin-x64": "0.149.0", "@oxc-parser/binding-freebsd-x64": "0.149.0", "@oxc-parser/binding-linux-arm-gnueabihf": "0.149.0", "@oxc-parser/binding-linux-arm-musleabihf": "0.149.0", "@oxc-parser/binding-linux-arm64-gnu": "0.149.0", "@oxc-parser/binding-linux-arm64-musl": "0.149.0", "@oxc-parser/binding-linux-ppc64-gnu": "0.149.0", "@oxc-parser/binding-linux-riscv64-gnu": "0.149.0", "@oxc-parser/binding-linux-riscv64-musl": "0.149.0", "@oxc-parser/binding-linux-s390x-gnu": "0.149.0", "@oxc-parser/binding-linux-x64-gnu": "0.149.0", "@oxc-parser/binding-linux-x64-musl": "0.149.0", "@oxc-parser/binding-openharmony-arm64": "0.149.0", "@oxc-parser/binding-win32-arm64-msvc": "0.149.0", "@oxc-parser/binding-win32-ia32-msvc": "0.149.0", "@oxc-parser/binding-win32-x64-msvc": "0.149.0" } }, "sha512-iuirONeHJBp6dFuuZKvkCfFvBiF0uFmojIQooGtazR9+GvcwoayGMtal1+cvDUnEw2k435GBish01HOn5iyVqQ=="],

    "terminal-columns": ["terminal-columns@2.0.0", "", {}, "sha512-6IByuUjyNZJXUtwDNm+OIe62zgwwaRbH+WMNTcx05O2G5V9WhvluAAHJY8OvUdwmzMPpqAD/7EUpGdI6ae1aiQ=="],

    "type-flag": ["type-flag@4.5.0", "", {}, "sha512-1aLzxcL6u1O9XHieAJBBX9U4QzwzDTWN0ER9M7QQSvS24NBmGM+N8FcghlgHAzOvDlEEpOx4hEml9CVcDnflcw=="],

    "yaml": ["yaml@2.9.0", "", { "bin": { "yaml": "bin.mjs" } }, "sha512-2AvhNX3mb8zd6Zy7INTtSpl1F15HW6Wnqj0srWlkKLcpYl/gMIMJiyuGq2KeI2YFxUPjdlB+3Lc10seMLtL4cA=="],
  }
}
